
Microsoft Visual Studio Solution File, Format Version 12.00
# Visual Studio Version 17
VisualStudioVersion = 17.0.31903.59
MinimumVisualStudioVersion = 10.0.40219.1
Project("{FAE04EC0-301F-11D3-BF4B-00C04F79EFBC}") = "dagangOnline", "dagangOnline.csproj", "{309B2E64-D155-4FD2-B204-EF26F47CC968}"
EndProject
Project("{FAE04EC0-301F-11D3-BF4B-00C04F79EFBC}") = "dagangOnline.Tests", "dagangOnline.Tests\dagangOnline.Tests.csproj", "{FA601FA7-6965-4DE7-A2FE-ECA2F7AD2131}"
EndProject
Global
	GlobalSection(SolutionConfigurationPlatforms) = preSolution
		Debug|Any CPU = Debug|Any CPU
		Debug|x64 = Debug|x64
		Debug|x86 = Debug|x86
		Release|Any CPU = Release|Any CPU
		Release|x64 = Release|x64
		Release|x86 = Release|x86
	EndGlobalSection
	GlobalSection(ProjectConfigurationPlatforms) = postSolution
		{309B2E64-D155-4FD2-B204-EF26F47CC968}.Debug|Any CPU.ActiveCfg = Debug|Any CPU
		{309B2E64-D155-4FD2-B204-EF26F47CC968}.Debug|Any CPU.Build.0 = Debug|Any CPU
		{309B2E64-D155-4FD2-B204-EF26F47CC968}.Debug|x64.ActiveCfg = Debug|Any CPU
		{309B2E64-D155-4FD2-B204-EF26F47CC968}.Debug|x64.Build.0 = Debug|Any CPU
		{309B2E64-D155-4FD2-B204-EF26F47CC968}.Debug|x86.ActiveCfg = Debug|Any CPU
		{309B2E64-D155-4FD2-B204-EF26F47CC968}.Debug|x86.Build.0 = Debug|Any CPU
		{309B2E64-D155-4FD2-B204-EF26F47CC968}.Release|Any CPU.ActiveCfg = Release|Any CPU
		{309B2E64-D155-4FD2-B204-EF26F47CC968}.Release|Any CPU.Build.0 = Release|Any CPU
		{309B2E64-D155-4FD2-B204-EF26F47CC968}.Release|x64.ActiveCfg = Release|Any CPU
		{309B2E64-D155-4FD2-B204-EF26F47CC968}.Release|x64.Build.0 = Release|Any CPU
		{309B2E64-D155-4FD2-B204-EF26F47CC968}.Release|x86.ActiveCfg = Release|Any CPU
		{309B2E64-D155-4FD2-B204-EF26F47CC968}.Release|x86.Build.0 = Release|Any CPU
		{FA601FA7-6965-4DE7-A2FE-ECA2F7AD2131}.Debug|Any CPU.ActiveCfg = Debug|Any CPU
		{FA601FA7-6965-4DE7-A2FE-ECA2F7AD2131}.Debug|Any CPU.Build.0 = Debug|Any CPU
		{FA601FA7-6965-4DE7-A2FE-ECA2F7AD2131}.Debug|x64.ActiveCfg = Debug|Any CPU
		{FA601FA7-6965-4DE7-A2FE-ECA2F7AD2131}.Debug|x64.Build.0 = Debug|Any CPU
		{FA601FA7-6965-4DE7-A2FE-ECA2F7AD2131}.Debug|x86.ActiveCfg = Debug|Any CPU
		{FA601FA7-6965-4DE7-A2FE-ECA2F7AD2131}.Debug|x86.Build.0 = Debug|Any CPU
		{FA601FA7-6965-4DE7-A2FE-ECA2F7AD2131}.Release|Any CPU.ActiveCfg = Release|Any CPU
		{FA601FA7-6965-4DE7-A2FE-ECA2F7AD2131}.Release|Any CPU.Build.0 = Release|Any CPU
		{FA601FA7-6965-4DE7-A2FE-ECA2F7AD2131}.Release|x64.ActiveCfg = Release|Any CPU
		{FA601FA7-6965-4DE7-A2FE-ECA2F7AD2131}.Release|x64.Build.0 = Release|Any CPU
		{FA601FA7-6965-4DE7-A2FE-ECA2F7AD2131}.Release|x86.ActiveCfg = Release|Any CPU
		{FA601FA7-6965-4DE7-A2FE-ECA2F7AD2131}.Release|x86.Build.0 = Release|Any CPU
	EndGlobalSection
	GlobalSection(SolutionProperties) = preSolution
		HideSolutionNode = FALSE
	EndGlobalSection
EndGlobal
